<?xml version="1.0" encoding="utf-8"?>
<Project ToolsVersion="4.0" xmlns="http://schemas.microsoft.com/developer/msbuild/2003">
  <ItemGroup>
    <Filter Include="Source Files">
      <UniqueIdentifier>{4FC737F1-C7A5-4376-A066-2A32D752A2FF}</UniqueIdentifier>
      <Extensions>cpp;c;cc;cxx;def;odl;idl;hpj;bat;asm;asmx</Extensions>
    </Filter>
    <Filter Include="Header Files">
      <UniqueIdentifier>{93995380-89BD-4b04-88EB-625FBE52EBFB}</UniqueIdentifier>
      <Extensions>h;hh;hpp;hxx;hm;inl;inc;xsd</Extensions>
    </Filter>
    <Filter Include="Resource Files">
      <UniqueIdentifier>{D9D6E242-F8AF-46E4-B9FD-80ECBC20BA3E}</UniqueIdentifier>
      <Extensions>qrc;*</Extensions>
      <ParseFiles>false</ParseFiles>
    </Filter>
    <Filter Include="Form Files">
      <UniqueIdentifier>{99349809-55BA-4b9d-BF79-8FDBB0286EB3}</UniqueIdentifier>
      <Extensions>ui</Extensions>
    </Filter>
    <Filter Include="Resource Files">
      <UniqueIdentifier>{D9D6E242-F8AF-46E4-B9FD-80ECBC20BA3E}</UniqueIdentifier>
      <Extensions>qrc;*</Extensions>
      <ParseFiles>false</ParseFiles>
    </Filter>
    <Filter Include="Cube">
      <UniqueIdentifier>{2b7643f7-76a6-462a-90bf-a68404b4e146}</UniqueIdentifier>
    </Filter>
    <Filter Include="Triangle">
      <UniqueIdentifier>{c38d0b64-f1fc-4590-8169-715a3a90f14c}</UniqueIdentifier>
    </Filter>
  </ItemGroup>
  <ItemGroup>
    <ClCompile Include="main.cpp">
      <Filter>Source Files</Filter>
    </ClCompile>
    <ClCompile Include="D3DMainWidow.cpp">
      <Filter>Source Files</Filter>
    </ClCompile>
    <ClCompile Include="D3DEnvironment.cpp">
      <Filter>Source Files</Filter>
    </ClCompile>
    <ClCompile Include="AbstractVisualObject.cpp">
      <Filter>Source Files</Filter>
    </ClCompile>
    <ClCompile Include="cube\CubeObject.cpp">
      <Filter>Cube</Filter>
    </ClCompile>
    <ClCompile Include="Triangle\TriangleObject.cpp">
      <Filter>Triangle</Filter>
    </ClCompile>
    <ClCompile Include="D3DCamera.cpp">
      <Filter>Source Files</Filter>
    </ClCompile>
    <ClCompile Include="HyacinthUntity.cpp">
      <Filter>Source Files</Filter>
    </ClCompile>
    <ClCompile Include="D3DViewWidget.cpp">
      <Filter>Source Files</Filter>
    </ClCompile>
  </ItemGroup>
  <ItemGroup>
    <QtMoc Include="D3DMainWidow.h">
      <Filter>Header Files</Filter>
    </QtMoc>
    <QtMoc Include="D3DViewWidget.h">
      <Filter>Header Files</Filter>
    </QtMoc>
  </ItemGroup>
  <ItemGroup>
    <QtUic Include="D3DMainWidow.ui">
      <Filter>Form Files</Filter>
    </QtUic>
  </ItemGroup>
  <ItemGroup>
    <QtRcc Include="D3DMainWidow.qrc">
      <Filter>Resource Files</Filter>
    </QtRcc>
  </ItemGroup>
  <ItemGroup>
    <ClInclude Include="D3DEnvironment.h">
      <Filter>Header Files</Filter>
    </ClInclude>
    <ClInclude Include="AbstractVisualObject.h">
      <Filter>Header Files</Filter>
    </ClInclude>
    <ClInclude Include="cube\CubeObject.h">
      <Filter>Cube</Filter>
    </ClInclude>
    <ClInclude Include="Triangle\TriangleObject.h">
      <Filter>Triangle</Filter>
    </ClInclude>
    <ClInclude Include="D3DCamera.h">
      <Filter>Header Files</Filter>
    </ClInclude>
    <ClInclude Include="HyacinthUntity.h">
      <Filter>Header Files</Filter>
    </ClInclude>
  </ItemGroup>
  <ItemGroup>
    <None Include="Triangle\Tutorial02.fx">
      <Filter>Triangle</Filter>
    </None>
    <None Include="cube\Tutorial06.fx">
      <Filter>Cube</Filter>
    </None>
  </ItemGroup>
</Project>