
Microsoft Visual Studio Solution File, Format Version 12.00
# Visual Studio 15
VisualStudioVersion = 15.0.28307.902
MinimumVisualStudioVersion = 10.0.40219.1
Project("{8BC9CEB8-8B4A-11D0-8D11-00A0C91BC942}") = "D3DMainWidow", "D3DMainWidow\D3DMainWidow.vcxproj", "{743184CC-F335-4035-83BC-DCCA3FE52721}"
EndProject
Global
	GlobalSection(SolutionConfigurationPlatforms) = preSolution
		Debug|x64 = Debug|x64
		Release|x64 = Release|x64
	EndGlobalSection
	GlobalSection(ProjectConfigurationPlatforms) = postSolution
		{743184CC-F335-4035-83BC-DCCA3FE52721}.Debug|x64.ActiveCfg = Debug|x64
		{743184CC-F335-4035-83BC-DCCA3FE52721}.Debug|x64.Build.0 = Debug|x64
		{743184CC-F335-4035-83BC-DCCA3FE52721}.Release|x64.ActiveCfg = Release|x64
		{743184CC-F335-4035-83BC-DCCA3FE52721}.Release|x64.Build.0 = Release|x64
	EndGlobalSection
	GlobalSection(SolutionProperties) = preSolution
		HideSolutionNode = FALSE
	EndGlobalSection
	GlobalSection(ExtensibilityGlobals) = postSolution
		SolutionGuid = {FA4EA9FD-66CC-4D22-BCF0-EE6504A20E73}
	EndGlobalSection
EndGlobal
